
Microsoft Visual Studio Solution File, Format Version 12.00
# Visual Studio Version 17
VisualStudioVersion = 17.9.34622.214
MinimumVisualStudioVersion = 10.0.40219.1
Project("{9A19103F-16F7-4668-BE54-9A1E7A4F7556}") = "Ikrini.Core.API", "Ikrini.Core.API\Ikrini.Core.API.csproj", "{2C3FD6FC-69CF-4969-B94D-342FB5669C5D}"
EndProject
Project("{FAE04EC0-301F-11D3-BF4B-00C04F79EFBC}") = "Ikrini.Core.API.Tests.Units", "Ikrini.Core.API.Tests.Units\Ikrini.Core.API.Tests.Units.csproj", "{69BA02CB-28BE-43B6-85B5-9F86D3661596}"
EndProject
Project("{FAE04EC0-301F-11D3-BF4B-00C04F79EFBC}") = "Ikrini.Core.Infrastructure.Builds", "Ikrini.Core.Infrastructure.Builds\Ikrini.Core.Infrastructure.Builds.csproj", "{3A5ABA3C-1C1E-4F9D-ABD4-50BCAE76D792}"
EndProject
Global
	GlobalSection(SolutionConfigurationPlatforms) = preSolution
		Debug|Any CPU = Debug|Any CPU
		Release|Any CPU = Release|Any CPU
	EndGlobalSection
	GlobalSection(ProjectConfigurationPlatforms) = postSolution
		{2C3FD6FC-69CF-4969-B94D-342FB5669C5D}.Debug|Any CPU.ActiveCfg = Debug|Any CPU
		{2C3FD6FC-69CF-4969-B94D-342FB5669C5D}.Debug|Any CPU.Build.0 = Debug|Any CPU
		{2C3FD6FC-69CF-4969-B94D-342FB5669C5D}.Release|Any CPU.ActiveCfg = Release|Any CPU
		{2C3FD6FC-69CF-4969-B94D-342FB5669C5D}.Release|Any CPU.Build.0 = Release|Any CPU
		{69BA02CB-28BE-43B6-85B5-9F86D3661596}.Debug|Any CPU.ActiveCfg = Debug|Any CPU
		{69BA02CB-28BE-43B6-85B5-9F86D3661596}.Debug|Any CPU.Build.0 = Debug|Any CPU
		{69BA02CB-28BE-43B6-85B5-9F86D3661596}.Release|Any CPU.ActiveCfg = Release|Any CPU
		{69BA02CB-28BE-43B6-85B5-9F86D3661596}.Release|Any CPU.Build.0 = Release|Any CPU
		{3A5ABA3C-1C1E-4F9D-ABD4-50BCAE76D792}.Debug|Any CPU.ActiveCfg = Debug|Any CPU
		{3A5ABA3C-1C1E-4F9D-ABD4-50BCAE76D792}.Debug|Any CPU.Build.0 = Debug|Any CPU
		{3A5ABA3C-1C1E-4F9D-ABD4-50BCAE76D792}.Release|Any CPU.ActiveCfg = Release|Any CPU
		{3A5ABA3C-1C1E-4F9D-ABD4-50BCAE76D792}.Release|Any CPU.Build.0 = Release|Any CPU
	EndGlobalSection
	GlobalSection(SolutionProperties) = preSolution
		HideSolutionNode = FALSE
	EndGlobalSection
	GlobalSection(ExtensibilityGlobals) = postSolution
		SolutionGuid = {8320598C-1EA0-4E39-8939-15169E74CCD3}
	EndGlobalSection
EndGlobal
